
Microsoft Visual Studio Solution File, Format Version 12.00
Project("{FAE04EC0-301F-11D3-BF4B-00C04F79EFBC}") = "YiSA.Foundation", "sources\YiSA.Foundation\YiSA.Foundation.csproj", "{6DD6268A-CB32-4FE4-8B4D-FCE6B1D3A97E}"
EndProject
Project("{FAE04EC0-301F-11D3-BF4B-00C04F79EFBC}") = "YiSA.WPF.MvvmFramework", "sources\YiSA.WPF.MvvmFramework\YiSA.WPF.MvvmFramework.csproj", "{957D8896-568E-40AB-A877-262AD8A1DA52}"
EndProject
Project("{FAE04EC0-301F-11D3-BF4B-00C04F79EFBC}") = "YiSA.Markup", "sources\YiSA.Markup\YiSA.Markup.csproj", "{06E17B70-C235-4B1A-A0B9-3B8AA817B4C6}"
EndProject
Project("{FAE04EC0-301F-11D3-BF4B-00C04F79EFBC}") = "YiSA.Test", "sources\YiSA.Test\YiSA.Test.csproj", "{74EEA0E7-1F52-4AD3-A281-AB816B011EB3}"
EndProject
Project("{FAE04EC0-301F-11D3-BF4B-00C04F79EFBC}") = "MangaViewer", "MangaViewer\MangaViewer.csproj", "{C064A80B-2E64-4AFF-B578-3DF5A0E9B165}"
EndProject
Global
	GlobalSection(SolutionConfigurationPlatforms) = preSolution
		Debug|Any CPU = Debug|Any CPU
		Release|Any CPU = Release|Any CPU
	EndGlobalSection
	GlobalSection(ProjectConfigurationPlatforms) = postSolution
		{6DD6268A-CB32-4FE4-8B4D-FCE6B1D3A97E}.Debug|Any CPU.ActiveCfg = Debug|Any CPU
		{6DD6268A-CB32-4FE4-8B4D-FCE6B1D3A97E}.Debug|Any CPU.Build.0 = Debug|Any CPU
		{6DD6268A-CB32-4FE4-8B4D-FCE6B1D3A97E}.Release|Any CPU.ActiveCfg = Release|Any CPU
		{6DD6268A-CB32-4FE4-8B4D-FCE6B1D3A97E}.Release|Any CPU.Build.0 = Release|Any CPU
		{957D8896-568E-40AB-A877-262AD8A1DA52}.Debug|Any CPU.ActiveCfg = Debug|Any CPU
		{957D8896-568E-40AB-A877-262AD8A1DA52}.Debug|Any CPU.Build.0 = Debug|Any CPU
		{957D8896-568E-40AB-A877-262AD8A1DA52}.Release|Any CPU.ActiveCfg = Release|Any CPU
		{957D8896-568E-40AB-A877-262AD8A1DA52}.Release|Any CPU.Build.0 = Release|Any CPU
		{06E17B70-C235-4B1A-A0B9-3B8AA817B4C6}.Debug|Any CPU.ActiveCfg = Debug|Any CPU
		{06E17B70-C235-4B1A-A0B9-3B8AA817B4C6}.Debug|Any CPU.Build.0 = Debug|Any CPU
		{06E17B70-C235-4B1A-A0B9-3B8AA817B4C6}.Release|Any CPU.ActiveCfg = Release|Any CPU
		{06E17B70-C235-4B1A-A0B9-3B8AA817B4C6}.Release|Any CPU.Build.0 = Release|Any CPU
		{74EEA0E7-1F52-4AD3-A281-AB816B011EB3}.Debug|Any CPU.ActiveCfg = Debug|Any CPU
		{74EEA0E7-1F52-4AD3-A281-AB816B011EB3}.Debug|Any CPU.Build.0 = Debug|Any CPU
		{74EEA0E7-1F52-4AD3-A281-AB816B011EB3}.Release|Any CPU.ActiveCfg = Release|Any CPU
		{74EEA0E7-1F52-4AD3-A281-AB816B011EB3}.Release|Any CPU.Build.0 = Release|Any CPU
		{C064A80B-2E64-4AFF-B578-3DF5A0E9B165}.Debug|Any CPU.ActiveCfg = Debug|Any CPU
		{C064A80B-2E64-4AFF-B578-3DF5A0E9B165}.Debug|Any CPU.Build.0 = Debug|Any CPU
		{C064A80B-2E64-4AFF-B578-3DF5A0E9B165}.Release|Any CPU.ActiveCfg = Release|Any CPU
		{C064A80B-2E64-4AFF-B578-3DF5A0E9B165}.Release|Any CPU.Build.0 = Release|Any CPU
	EndGlobalSection
EndGlobal
